// !$*UTF8*$!
{
	archiveVersion = 1;
	classes = {
	};
	objectVersion = 46;
	objects = {

/* Begin PBXBuildFile section */
		724E3A946B5BC4430D1F0482 /* Pods_XiMaLaYaFM.framework in Frameworks */ = {isa = PBXBuildFile; fileRef = A1AD07F1E453161290154B43 /* Pods_XiMaLaYaFM.framework */; };
		CD1CD73C1EA4ED2200AD0F4E /* main.m in Sources */ = {isa = PBXBuildFile; fileRef = CD1CD73B1EA4ED2200AD0F4E /* main.m */; };
		CD1CD73F1EA4ED2200AD0F4E /* AppDelegate.m in Sources */ = {isa = PBXBuildFile; fileRef = CD1CD73E1EA4ED2200AD0F4E /* AppDelegate.m */; };
		CD1CD7421EA4ED2200AD0F4E /* ViewController.m in Sources */ = {isa = PBXBuildFile; fileRef = CD1CD7411EA4ED2200AD0F4E /* ViewController.m */; };
		CD1CD7471EA4ED2200AD0F4E /* Assets.xcassets in Resources */ = {isa = PBXBuildFile; fileRef = CD1CD7461EA4ED2200AD0F4E /* Assets.xcassets */; };
		CD1CD7551EA4ED2200AD0F4E /* XiMaLaYaFMTests.m in Sources */ = {isa = PBXBuildFile; fileRef = CD1CD7541EA4ED2200AD0F4E /* XiMaLaYaFMTests.m */; };
		CD1CD7601EA4ED2200AD0F4E /* XiMaLaYaFMUITests.m in Sources */ = {isa = PBXBuildFile; fileRef = CD1CD75F1EA4ED2200AD0F4E /* XiMaLaYaFMUITests.m */; };
		CD1CD7761EA505DF00AD0F4E /* LYNavigationController.m in Sources */ = {isa = PBXBuildFile; fileRef = CD1CD7751EA505DF00AD0F4E /* LYNavigationController.m */; };
		CD1CD77A1EA5061700AD0F4E /* LYTabBarController.m in Sources */ = {isa = PBXBuildFile; fileRef = CD1CD7791EA5061700AD0F4E /* LYTabBarController.m */; };
		CD1CD77E1EA506EB00AD0F4E /* LYNavigationBar.m in Sources */ = {isa = PBXBuildFile; fileRef = CD1CD77D1EA506EB00AD0F4E /* LYNavigationBar.m */; };
		CD1CD7811EA5070100AD0F4E /* LYTabBar.m in Sources */ = {isa = PBXBuildFile; fileRef = CD1CD7801EA5070100AD0F4E /* LYTabBar.m */; };
		CD1CD7841EA5076A00AD0F4E /* LYMiddlePlayView.m in Sources */ = {isa = PBXBuildFile; fileRef = CD1CD7831EA5076A00AD0F4E /* LYMiddlePlayView.m */; };
		CD1CD7861EA5147D00AD0F4E /* LYMiddlePlayView.xib in Resources */ = {isa = PBXBuildFile; fileRef = CD1CD7851EA5147D00AD0F4E /* LYMiddlePlayView.xib */; };
		CD47DFAF1EA54C4A00CB20F9 /* LYViewController.m in Sources */ = {isa = PBXBuildFile; fileRef = CD47DFAE1EA54C4A00CB20F9 /* LYViewController.m */; };
/* End PBXBuildFile section */

/* Begin PBXContainerItemProxy section */
		CD1CD7511EA4ED2200AD0F4E /* PBXContainerItemProxy */ = {
			isa = PBXContainerItemProxy;
			containerPortal = CD1CD72F1EA4ED2200AD0F4E /* Project object */;
			proxyType = 1;
			remoteGlobalIDString = CD1CD7361EA4ED2200AD0F4E;
			remoteInfo = XiMaLaYaFM;
		};
		CD1CD75C1EA4ED2200AD0F4E /* PBXContainerItemProxy */ = {
			isa = PBXContainerItemProxy;
			containerPortal = CD1CD72F1EA4ED2200AD0F4E /* Project object */;
			proxyType = 1;
			remoteGlobalIDString = CD1CD7361EA4ED2200AD0F4E;
			remoteInfo = XiMaLaYaFM;
		};
/* End PBXContainerItemProxy section */

/* Begin PBXFileReference section */
		4A1B1E1910E1A30C31009F1B /* Pods-XiMaLaYaFM.release.xcconfig */ = {isa = PBXFileReference; includeInIndex = 1; lastKnownFileType = text.xcconfig; name = "Pods-XiMaLaYaFM.release.xcconfig"; path = "Pods/Target Support Files/Pods-XiMaLaYaFM/Pods-XiMaLaYaFM.release.xcconfig"; sourceTree = "<group>"; };
		4E009D8650DBF11B92996870 /* Pods-XiMaLaYaFM.debug.xcconfig */ = {isa = PBXFileReference; includeInIndex = 1; lastKnownFileType = text.xcconfig; name = "Pods-XiMaLaYaFM.debug.xcconfig"; path = "Pods/Target Support Files/Pods-XiMaLaYaFM/Pods-XiMaLaYaFM.debug.xcconfig"; sourceTree = "<group>"; };
		A1AD07F1E453161290154B43 /* Pods_XiMaLaYaFM.framework */ = {isa = PBXFileReference; explicitFileType = wrapper.framework; includeInIndex = 0; path = Pods_XiMaLaYaFM.framework; sourceTree = BUILT_PRODUCTS_DIR; };
		CD1CD7371EA4ED2200AD0F4E /* XiMaLaYaFM.app */ = {isa = PBXFileReference; explicitFileType = wrapper.application; includeInIndex = 0; path = XiMaLaYaFM.app; sourceTree = BUILT_PRODUCTS_DIR; };
		CD1CD73B1EA4ED2200AD0F4E /* main.m */ = {isa = PBXFileReference; lastKnownFileType = sourcecode.c.objc; path = main.m; sourceTree = "<group>"; };
		CD1CD73D1EA4ED2200AD0F4E /* AppDelegate.h */ = {isa = PBXFileReference; lastKnownFileType = sourcecode.c.h; path = AppDelegate.h; sourceTree = "<group>"; };
		CD1CD73E1EA4ED2200AD0F4E /* AppDelegate.m */ = {isa = PBXFileReference; lastKnownFileType = sourcecode.c.objc; path = AppDelegate.m; sourceTree = "<group>"; };
		CD1CD7401EA4ED2200AD0F4E /* ViewController.h */ = {isa = PBXFileReference; lastKnownFileType = sourcecode.c.h; path = ViewController.h; sourceTree = "<group>"; };
		CD1CD7411EA4ED2200AD0F4E /* ViewController.m */ = {isa = PBXFileReference; lastKnownFileType = sourcecode.c.objc; path = ViewController.m; sourceTree = "<group>"; };
		CD1CD7461EA4ED2200AD0F4E /* Assets.xcassets */ = {isa = PBXFileReference; lastKnownFileType = folder.assetcatalog; path = Assets.xcassets; sourceTree = "<group>"; };
		CD1CD74B1EA4ED2200AD0F4E /* Info.plist */ = {isa = PBXFileReference; lastKnownFileType = text.plist.xml; path = Info.plist; sourceTree = "<group>"; };
		CD1CD7501EA4ED2200AD0F4E /* XiMaLaYaFMTests.xctest */ = {isa = PBXFileReference; explicitFileType = wrapper.cfbundle; includeInIndex = 0; path = XiMaLaYaFMTests.xctest; sourceTree = BUILT_PRODUCTS_DIR; };
		CD1CD7541EA4ED2200AD0F4E /* XiMaLaYaFMTests.m */ = {isa = PBXFileReference; lastKnownFileType = sourcecode.c.objc; path = XiMaLaYaFMTests.m; sourceTree = "<group>"; };
		CD1CD7561EA4ED2200AD0F4E /* Info.plist */ = {isa = PBXFileReference; lastKnownFileType = text.plist.xml; path = Info.plist; sourceTree = "<group>"; };
		CD1CD75B1EA4ED2200AD0F4E /* XiMaLaYaFMUITests.xctest */ = {isa = PBXFileReference; explicitFileType = wrapper.cfbundle; includeInIndex = 0; path = XiMaLaYaFMUITests.xctest; sourceTree = BUILT_PRODUCTS_DIR; };
		CD1CD75F1EA4ED2200AD0F4E /* XiMaLaYaFMUITests.m */ = {isa = PBXFileReference; lastKnownFileType = sourcecode.c.objc; path = XiMaLaYaFMUITests.m; sourceTree = "<group>"; };
		CD1CD7611EA4ED2200AD0F4E /* Info.plist */ = {isa = PBXFileReference; lastKnownFileType = text.plist.xml; path = Info.plist; sourceTree = "<group>"; };
		CD1CD7741EA505DF00AD0F4E /* LYNavigationController.h */ = {isa = PBXFileReference; fileEncoding = 4; lastKnownFileType = sourcecode.c.h; path = LYNavigationController.h; sourceTree = "<group>"; };
		CD1CD7751EA505DF00AD0F4E /* LYNavigationController.m */ = {isa = PBXFileReference; fileEncoding = 4; lastKnownFileType = sourcecode.c.objc; path = LYNavigationController.m; sourceTree = "<group>"; };
		CD1CD7781EA5061700AD0F4E /* LYTabBarController.h */ = {isa = PBXFileReference; fileEncoding = 4; lastKnownFileType = sourcecode.c.h; path = LYTabBarController.h; sourceTree = "<group>"; };
		CD1CD7791EA5061700AD0F4E /* LYTabBarController.m */ = {isa = PBXFileReference; fileEncoding = 4; lastKnownFileType = sourcecode.c.objc; path = LYTabBarController.m; sourceTree = "<group>"; };
		CD1CD77C1EA506EB00AD0F4E /* LYNavigationBar.h */ = {isa = PBXFileReference; fileEncoding = 4; lastKnownFileType = sourcecode.c.h; path = LYNavigationBar.h; sourceTree = "<group>"; };
		CD1CD77D1EA506EB00AD0F4E /* LYNavigationBar.m */ = {isa = PBXFileReference; fileEncoding = 4; lastKnownFileType = sourcecode.c.objc; path = LYNavigationBar.m; sourceTree = "<group>"; };
		CD1CD77F1EA5070100AD0F4E /* LYTabBar.h */ = {isa = PBXFileReference; fileEncoding = 4; lastKnownFileType = sourcecode.c.h; path = LYTabBar.h; sourceTree = "<group>"; };
		CD1CD7801EA5070100AD0F4E /* LYTabBar.m */ = {isa = PBXFileReference; fileEncoding = 4; lastKnownFileType = sourcecode.c.objc; path = LYTabBar.m; sourceTree = "<group>"; };
		CD1CD7821EA5076A00AD0F4E /* LYMiddlePlayView.h */ = {isa = PBXFileReference; fileEncoding = 4; lastKnownFileType = sourcecode.c.h; path = LYMiddlePlayView.h; sourceTree = "<group>"; };
		CD1CD7831EA5076A00AD0F4E /* LYMiddlePlayView.m */ = {isa = PBXFileReference; fileEncoding = 4; lastKnownFileType = sourcecode.c.objc; path = LYMiddlePlayView.m; sourceTree = "<group>"; };
		CD1CD7851EA5147D00AD0F4E /* LYMiddlePlayView.xib */ = {isa = PBXFileReference; fileEncoding = 4; lastKnownFileType = file.xib; path = LYMiddlePlayView.xib; sourceTree = "<group>"; };
		CD47DFAD1EA54C4A00CB20F9 /* LYViewController.h */ = {isa = PBXFileReference; fileEncoding = 4; lastKnownFileType = sourcecode.c.h; path = LYViewController.h; sourceTree = "<group>"; };
		CD47DFAE1EA54C4A00CB20F9 /* LYViewController.m */ = {isa = PBXFileReference; fileEncoding = 4; lastKnownFileType = sourcecode.c.objc; path = LYViewController.m; sourceTree = "<group>"; };
/* End PBXFileReference section */

/* Begin PBXFrameworksBuildPhase section */
		CD1CD7341EA4ED2200AD0F4E /* Frameworks */ = {
			isa = PBXFrameworksBuildPhase;
			buildActionMask = 2147483647;
			files = (
				724E3A946B5BC4430D1F0482 /* Pods_XiMaLaYaFM.framework in Frameworks */,
			);
			runOnlyForDeploymentPostprocessing = 0;
		};
		CD1CD74D1EA4ED2200AD0F4E /* Frameworks */ = {
			isa = PBXFrameworksBuildPhase;
			buildActionMask = 2147483647;
			files = (
			);
			runOnlyForDeploymentPostprocessing = 0;
		};
		CD1CD7581EA4ED2200AD0F4E /* Frameworks */ = {
			isa = PBXFrameworksBuildPhase;
			buildActionMask = 2147483647;
			files = (
			);
			runOnlyForDeploymentPostprocessing = 0;
		};
/* End PBXFrameworksBuildPhase section */

/* Begin PBXGroup section */
		16B0FBA6F44C60E9D95FCA85 /* Pods */ = {
			isa = PBXGroup;
			children = (
				4E009D8650DBF11B92996870 /* Pods-XiMaLaYaFM.debug.xcconfig */,
				4A1B1E1910E1A30C31009F1B /* Pods-XiMaLaYaFM.release.xcconfig */,
			);
			name = Pods;
			sourceTree = "<group>";
		};
		2F3CD846F85F21B5D21A9979 /* Frameworks */ = {
			isa = PBXGroup;
			children = (
				A1AD07F1E453161290154B43 /* Pods_XiMaLaYaFM.framework */,
			);
			name = Frameworks;
			sourceTree = "<group>";
		};
		CD1CD72E1EA4ED2200AD0F4E = {
			isa = PBXGroup;
			children = (
				2F3CD846F85F21B5D21A9979 /* Frameworks */,
				16B0FBA6F44C60E9D95FCA85 /* Pods */,
				CD1CD7381EA4ED2200AD0F4E /* Products */,
				CD1CD7391EA4ED2200AD0F4E /* XiMaLaYaFM */,
				CD1CD7531EA4ED2200AD0F4E /* XiMaLaYaFMTests */,
				CD1CD75E1EA4ED2200AD0F4E /* XiMaLaYaFMUITests */,
			);
			sourceTree = "<group>";
		};
		CD1CD7381EA4ED2200AD0F4E /* Products */ = {
			isa = PBXGroup;
			children = (
				CD1CD7371EA4ED2200AD0F4E /* XiMaLaYaFM.app */,
				CD1CD7501EA4ED2200AD0F4E /* XiMaLaYaFMTests.xctest */,
				CD1CD75B1EA4ED2200AD0F4E /* XiMaLaYaFMUITests.xctest */,
			);
			name = Products;
			sourceTree = "<group>";
		};
		CD1CD7391EA4ED2200AD0F4E /* XiMaLaYaFM */ = {
			isa = PBXGroup;
			children = (
				CD1CD76D1EA4FF9400AD0F4E /* Classes */,
				CD1CD73A1EA4ED2200AD0F4E /* Supporting Files */,
				CD47DFAD1EA54C4A00CB20F9 /* LYViewController.h */,
				CD47DFAE1EA54C4A00CB20F9 /* LYViewController.m */,
				CD1CD7401EA4ED2200AD0F4E /* ViewController.h */,
				CD1CD7411EA4ED2200AD0F4E /* ViewController.m */,
			);
			path = XiMaLaYaFM;
			sourceTree = "<group>";
		};
		CD1CD73A1EA4ED2200AD0F4E /* Supporting Files */ = {
			isa = PBXGroup;
			children = (
				CD1CD7701EA504BA00AD0F4E /* Resource */,
			);
			path = "Supporting Files";
			sourceTree = "<group>";
		};
		CD1CD7531EA4ED2200AD0F4E /* XiMaLaYaFMTests */ = {
			isa = PBXGroup;
			children = (
				CD1CD7561EA4ED2200AD0F4E /* Info.plist */,
				CD1CD7541EA4ED2200AD0F4E /* XiMaLaYaFMTests.m */,
			);
			path = XiMaLaYaFMTests;
			sourceTree = "<group>";
		};
		CD1CD75E1EA4ED2200AD0F4E /* XiMaLaYaFMUITests */ = {
			isa = PBXGroup;
			children = (
				CD1CD7611EA4ED2200AD0F4E /* Info.plist */,
				CD1CD75F1EA4ED2200AD0F4E /* XiMaLaYaFMUITests.m */,
			);
			path = XiMaLaYaFMUITests;
			sourceTree = "<group>";
		};
		CD1CD76D1EA4FF9400AD0F4E /* Classes */ = {
			isa = PBXGroup;
			children = (
				CD1CD7711EA505A300AD0F4E /* Main */,
				CD1CD76E1EA4FF9B00AD0F4E /* Other */,
			);
			path = Classes;
			sourceTree = "<group>";
		};
		CD1CD76E1EA4FF9B00AD0F4E /* Other */ = {
			isa = PBXGroup;
			children = (
				CD1CD76F1EA4FFA300AD0F4E /* System */,
			);
			path = Other;
			sourceTree = "<group>";
		};
		CD1CD76F1EA4FFA300AD0F4E /* System */ = {
			isa = PBXGroup;
			children = (
				CD1CD73D1EA4ED2200AD0F4E /* AppDelegate.h */,
				CD1CD73E1EA4ED2200AD0F4E /* AppDelegate.m */,
				CD1CD74B1EA4ED2200AD0F4E /* Info.plist */,
				CD1CD73B1EA4ED2200AD0F4E /* main.m */,
			);
			path = System;
			sourceTree = "<group>";
		};
		CD1CD7701EA504BA00AD0F4E /* Resource */ = {
			isa = PBXGroup;
			children = (
				CD1CD7461EA4ED2200AD0F4E /* Assets.xcassets */,
			);
			path = Resource;
			sourceTree = "<group>";
		};
		CD1CD7711EA505A300AD0F4E /* Main */ = {
			isa = PBXGroup;
			children = (
				CD1CD7721EA505B300AD0F4E /* Controller */,
				CD1CD77B1EA506B500AD0F4E /* View */,
			);
			path = Main;
			sourceTree = "<group>";
		};
		CD1CD7721EA505B300AD0F4E /* Controller */ = {
			isa = PBXGroup;
			children = (
				CD1CD7741EA505DF00AD0F4E /* LYNavigationController.h */,
				CD1CD7751EA505DF00AD0F4E /* LYNavigationController.m */,
				CD1CD7781EA5061700AD0F4E /* LYTabBarController.h */,
				CD1CD7791EA5061700AD0F4E /* LYTabBarController.m */,
			);
			path = Controller;
			sourceTree = "<group>";
		};
		CD1CD77B1EA506B500AD0F4E /* View */ = {
			isa = PBXGroup;
			children = (
				CD1CD7821EA5076A00AD0F4E /* LYMiddlePlayView.h */,
				CD1CD7831EA5076A00AD0F4E /* LYMiddlePlayView.m */,
				CD1CD7851EA5147D00AD0F4E /* LYMiddlePlayView.xib */,
				CD1CD77C1EA506EB00AD0F4E /* LYNavigationBar.h */,
				CD1CD77D1EA506EB00AD0F4E /* LYNavigationBar.m */,
				CD1CD77F1EA5070100AD0F4E /* LYTabBar.h */,
				CD1CD7801EA5070100AD0F4E /* LYTabBar.m */,
			);
			path = View;
			sourceTree = "<group>";
		};
/* End PBXGroup section */

/* Begin PBXNativeTarget section */
		CD1CD7361EA4ED2200AD0F4E /* XiMaLaYaFM */ = {
			isa = PBXNativeTarget;
			buildConfigurationList = CD1CD7641EA4ED2200AD0F4E /* Build configuration list for PBXNativeTarget "XiMaLaYaFM" */;
			buildPhases = (
				AB5798DC625916C88D8D47FF /* [CP] Check Pods Manifest.lock */,
				CD1CD7331EA4ED2200AD0F4E /* Sources */,
				CD1CD7341EA4ED2200AD0F4E /* Frameworks */,
				CD1CD7351EA4ED2200AD0F4E /* Resources */,
				80A45B7BE39C420BD247FC5F /* [CP] Embed Pods Frameworks */,
				7DDDB40470D1981F3941DB61 /* [CP] Copy Pods Resources */,
			);
			buildRules = (
			);
			dependencies = (
			);
			name = XiMaLaYaFM;
			productName = XiMaLaYaFM;
			productReference = CD1CD7371EA4ED2200AD0F4E /* XiMaLaYaFM.app */;
			productType = "com.apple.product-type.application";
		};
		CD1CD74F1EA4ED2200AD0F4E /* XiMaLaYaFMTests */ = {
			isa = PBXNativeTarget;
			buildConfigurationList = CD1CD7671EA4ED2200AD0F4E /* Build configuration list for PBXNativeTarget "XiMaLaYaFMTests" */;
			buildPhases = (
				CD1CD74C1EA4ED2200AD0F4E /* Sources */,
				CD1CD74D1EA4ED2200AD0F4E /* Frameworks */,
				CD1CD74E1EA4ED2200AD0F4E /* Resources */,
			);
			buildRules = (
			);
			dependencies = (
				CD1CD7521EA4ED2200AD0F4E /* PBXTargetDependency */,
			);
			name = XiMaLaYaFMTests;
			productName = XiMaLaYaFMTests;
			productReference = CD1CD7501EA4ED2200AD0F4E /* XiMaLaYaFMTests.xctest */;
			productType = "com.apple.product-type.bundle.unit-test";
		};
		CD1CD75A1EA4ED2200AD0F4E /* XiMaLaYaFMUITests */ = {
			isa = PBXNativeTarget;
			buildConfigurationList = CD1CD76A1EA4ED2200AD0F4E /* Build configuration list for PBXNativeTarget "XiMaLaYaFMUITests" */;
			buildPhases = (
				CD1CD7571EA4ED2200AD0F4E /* Sources */,
				CD1CD7581EA4ED2200AD0F4E /* Frameworks */,
				CD1CD7591EA4ED2200AD0F4E /* Resources */,
			);
			buildRules = (
			);
			dependencies = (
				CD1CD75D1EA4ED2200AD0F4E /* PBXTargetDependency */,
			);
			name = XiMaLaYaFMUITests;
			productName = XiMaLaYaFMUITests;
			productReference = CD1CD75B1EA4ED2200AD0F4E /* XiMaLaYaFMUITests.xctest */;
			productType = "com.apple.product-type.bundle.ui-testing";
		};
/* End PBXNativeTarget section */

/* Begin PBXProject section */
		CD1CD72F1EA4ED2200AD0F4E /* Project object */ = {
			isa = PBXProject;
			attributes = {
				CLASSPREFIX = LY;
				LastUpgradeCheck = 0830;
				ORGANIZATIONNAME = DeveloperLY;
				TargetAttributes = {
					CD1CD7361EA4ED2200AD0F4E = {
						CreatedOnToolsVersion = 8.3.1;
						DevelopmentTeam = VW6LLKQB96;
						ProvisioningStyle = Automatic;
					};
					CD1CD74F1EA4ED2200AD0F4E = {
						CreatedOnToolsVersion = 8.3.1;
						DevelopmentTeam = VW6LLKQB96;
						ProvisioningStyle = Automatic;
						TestTargetID = CD1CD7361EA4ED2200AD0F4E;
					};
					CD1CD75A1EA4ED2200AD0F4E = {
						CreatedOnToolsVersion = 8.3.1;
						DevelopmentTeam = VW6LLKQB96;
						ProvisioningStyle = Automatic;
						TestTargetID = CD1CD7361EA4ED2200AD0F4E;
					};
				};
			};
			buildConfigurationList = CD1CD7321EA4ED2200AD0F4E /* Build configuration list for PBXProject "XiMaLaYaFM" */;
			compatibilityVersion = "Xcode 3.2";
			developmentRegion = English;
			hasScannedForEncodings = 0;
			knownRegions = (
				en,
				Base,
			);
			mainGroup = CD1CD72E1EA4ED2200AD0F4E;
			productRefGroup = CD1CD7381EA4ED2200AD0F4E /* Products */;
			projectDirPath = "";
			projectRoot = "";
			targets = (
				CD1CD7361EA4ED2200AD0F4E /* XiMaLaYaFM */,
				CD1CD74F1EA4ED2200AD0F4E /* XiMaLaYaFMTests */,
				CD1CD75A1EA4ED2200AD0F4E /* XiMaLaYaFMUITests */,
			);
		};
/* End PBXProject section */

/* Begin PBXResourcesBuildPhase section */
		CD1CD7351EA4ED2200AD0F4E /* Resources */ = {
			isa = PBXResourcesBuildPhase;
			buildActionMask = 2147483647;
			files = (
				CD1CD7471EA4ED2200AD0F4E /* Assets.xcassets in Resources */,
				CD1CD7861EA5147D00AD0F4E /* LYMiddlePlayView.xib in Resources */,
			);
			runOnlyForDeploymentPostprocessing = 0;
		};
		CD1CD74E1EA4ED2200AD0F4E /* Resources */ = {
			isa = PBXResourcesBuildPhase;
			buildActionMask = 2147483647;
			files = (
			);
			runOnlyForDeploymentPostprocessing = 0;
		};
		CD1CD7591EA4ED2200AD0F4E /* Resources */ = {
			isa = PBXResourcesBuildPhase;
			buildActionMask = 2147483647;
			files = (
			);
			runOnlyForDeploymentPostprocessing = 0;
		};
/* End PBXResourcesBuildPhase section */

/* Begin PBXShellScriptBuildPhase section */
		7DDDB40470D1981F3941DB61 /* [CP] Copy Pods Resources */ = {
			isa = PBXShellScriptBuildPhase;
			buildActionMask = 2147483647;
			files = (
			);
			inputPaths = (
			);
			name = "[CP] Copy Pods Resources";
			outputPaths = (
			);
			runOnlyForDeploymentPostprocessing = 0;
			shellPath = /bin/sh;
			shellScript = "\"${SRCROOT}/Pods/Target Support Files/Pods-XiMaLaYaFM/Pods-XiMaLaYaFM-resources.sh\"\n";
			showEnvVarsInLog = 0;
		};
		80A45B7BE39C420BD247FC5F /* [CP] Embed Pods Frameworks */ = {
			isa = PBXShellScriptBuildPhase;
			buildActionMask = 2147483647;
			files = (
			);
			inputPaths = (
			);
			name = "[CP] Embed Pods Frameworks";
			outputPaths = (
			);
			runOnlyForDeploymentPostprocessing = 0;
			shellPath = /bin/sh;
			shellScript = "\"${SRCROOT}/Pods/Target Support Files/Pods-XiMaLaYaFM/Pods-XiMaLaYaFM-frameworks.sh\"\n";
			showEnvVarsInLog = 0;
		};
		AB5798DC625916C88D8D47FF /* [CP] Check Pods Manifest.lock */ = {
			isa = PBXShellScriptBuildPhase;
			buildActionMask = 2147483647;
			files = (
			);
			inputPaths = (
			);
			name = "[CP] Check Pods Manifest.lock";
			outputPaths = (
			);
			runOnlyForDeploymentPostprocessing = 0;
			shellPath = /bin/sh;
			shellScript = "diff \"${PODS_PODFILE_DIR_PATH}/Podfile.lock\" \"${PODS_ROOT}/Manifest.lock\" > /dev/null\nif [ $? != 0 ] ; then\n    # print error to STDERR\n    echo \"error: The sandbox is not in sync with the Podfile.lock. Run 'pod install' or update your CocoaPods installation.\" >&2\n    exit 1\nfi\n";
			showEnvVarsInLog = 0;
		};
/* End PBXShellScriptBuildPhase section */

/* Begin PBXSourcesBuildPhase section */
		CD1CD7331EA4ED2200AD0F4E /* Sources */ = {
			isa = PBXSourcesBuildPhase;
			buildActionMask = 2147483647;
			files = (
				CD1CD77A1EA5061700AD0F4E /* LYTabBarController.m in Sources */,
				CD1CD7421EA4ED2200AD0F4E /* ViewController.m in Sources */,
				CD1CD7841EA5076A00AD0F4E /* LYMiddlePlayView.m in Sources */,
				CD1CD73F1EA4ED2200AD0F4E /* AppDelegate.m in Sources */,
				CD1CD7811EA5070100AD0F4E /* LYTabBar.m in Sources */,
				CD1CD73C1EA4ED2200AD0F4E /* main.m in Sources */,
				CD1CD77E1EA506EB00AD0F4E /* LYNavigationBar.m in Sources */,
				CD1CD7761EA505DF00AD0F4E /* LYNavigationController.m in Sources */,
				CD47DFAF1EA54C4A00CB20F9 /* LYViewController.m in Sources */,
			);
			runOnlyForDeploymentPostprocessing = 0;
		};
		CD1CD74C1EA4ED2200AD0F4E /* Sources */ = {
			isa = PBXSourcesBuildPhase;
			buildActionMask = 2147483647;
			files = (
				CD1CD7551EA4ED2200AD0F4E /* XiMaLaYaFMTests.m in Sources */,
			);
			runOnlyForDeploymentPostprocessing = 0;
		};
		CD1CD7571EA4ED2200AD0F4E /* Sources */ = {
			isa = PBXSourcesBuildPhase;
			buildActionMask = 2147483647;
			files = (
				CD1CD7601EA4ED2200AD0F4E /* XiMaLaYaFMUITests.m in Sources */,
			);
			runOnlyForDeploymentPostprocessing = 0;
		};
/* End PBXSourcesBuildPhase section */

/* Begin PBXTargetDependency section */
		CD1CD7521EA4ED2200AD0F4E /* PBXTargetDependency */ = {
			isa = PBXTargetDependency;
			target = CD1CD7361EA4ED2200AD0F4E /* XiMaLaYaFM */;
			targetProxy = CD1CD7511EA4ED2200AD0F4E /* PBXContainerItemProxy */;
		};
		CD1CD75D1EA4ED2200AD0F4E /* PBXTargetDependency */ = {
			isa = PBXTargetDependency;
			target = CD1CD7361EA4ED2200AD0F4E /* XiMaLaYaFM */;
			targetProxy = CD1CD75C1EA4ED2200AD0F4E /* PBXContainerItemProxy */;
		};
/* End PBXTargetDependency section */

/* Begin XCBuildConfiguration section */
		CD1CD7621EA4ED2200AD0F4E /* Debug */ = {
			isa = XCBuildConfiguration;
			buildSettings = {
				ALWAYS_SEARCH_USER_PATHS = NO;
				CLANG_ANALYZER_NONNULL = YES;
				CLANG_ANALYZER_NUMBER_OBJECT_CONVERSION = YES_AGGRESSIVE;
				CLANG_CXX_LANGUAGE_STANDARD = "gnu++0x";
				CLANG_CXX_LIBRARY = "libc++";
				CLANG_ENABLE_MODULES = YES;
				CLANG_ENABLE_OBJC_ARC = YES;
				CLANG_WARN_BOOL_CONVERSION = YES;
				CLANG_WARN_CONSTANT_CONVERSION = YES;
				CLANG_WARN_DIRECT_OBJC_ISA_USAGE = YES_ERROR;
				CLANG_WARN_DOCUMENTATION_COMMENTS = YES;
				CLANG_WARN_EMPTY_BODY = YES;
				CLANG_WARN_ENUM_CONVERSION = YES;
				CLANG_WARN_INFINITE_RECURSION = YES;
				CLANG_WARN_INT_CONVERSION = YES;
				CLANG_WARN_OBJC_ROOT_CLASS = YES_ERROR;
				CLANG_WARN_SUSPICIOUS_MOVE = YES;
				CLANG_WARN_UNREACHABLE_CODE = YES;
				CLANG_WARN__DUPLICATE_METHOD_MATCH = YES;
				"CODE_SIGN_IDENTITY[sdk=iphoneos*]" = "iPhone Developer";
				COPY_PHASE_STRIP = NO;
				DEBUG_INFORMATION_FORMAT = dwarf;
				ENABLE_STRICT_OBJC_MSGSEND = YES;
				ENABLE_TESTABILITY = YES;
				GCC_C_LANGUAGE_STANDARD = gnu99;
				GCC_DYNAMIC_NO_PIC = NO;
				GCC_NO_COMMON_BLOCKS = YES;
				GCC_OPTIMIZATION_LEVEL = 0;
				GCC_PREPROCESSOR_DEFINITIONS = (
					"DEBUG=1",
					"$(inherited)",
				);
				GCC_WARN_64_TO_32_BIT_CONVERSION = YES;
				GCC_WARN_ABOUT_RETURN_TYPE = YES_ERROR;
				GCC_WARN_UNDECLARED_SELECTOR = YES;
				GCC_WARN_UNINITIALIZED_AUTOS = YES_AGGRESSIVE;
				GCC_WARN_UNUSED_FUNCTION = YES;
				GCC_WARN_UNUSED_VARIABLE = YES;
				IPHONEOS_DEPLOYMENT_TARGET = 8.0;
				MTL_ENABLE_DEBUG_INFO = YES;
				ONLY_ACTIVE_ARCH = YES;
				SDKROOT = iphoneos;
			};
			name = Debug;
		};
		CD1CD7631EA4ED2200AD0F4E /* Release */ = {
			isa = XCBuildConfiguration;
			buildSettings = {
				ALWAYS_SEARCH_USER_PATHS = NO;
				CLANG_ANALYZER_NONNULL = YES;
				CLANG_ANALYZER_NUMBER_OBJECT_CONVERSION = YES_AGGRESSIVE;
				CLANG_CXX_LANGUAGE_STANDARD = "gnu++0x";
				CLANG_CXX_LIBRARY = "libc++";
				CLANG_ENABLE_MODULES = YES;
				CLANG_ENABLE_OBJC_ARC = YES;
				CLANG_WARN_BOOL_CONVERSION = YES;
				CLANG_WARN_CONSTANT_CONVERSION = YES;
				CLANG_WARN_DIRECT_OBJC_ISA_USAGE = YES_ERROR;
				CLANG_WARN_DOCUMENTATION_COMMENTS = YES;
				CLANG_WARN_EMPTY_BODY = YES;
				CLANG_WARN_ENUM_CONVERSION = YES;
				CLANG_WARN_INFINITE_RECURSION = YES;
				CLANG_WARN_INT_CONVERSION = YES;
				CLANG_WARN_OBJC_ROOT_CLASS = YES_ERROR;
				CLANG_WARN_SUSPICIOUS_MOVE = YES;
				CLANG_WARN_UNREACHABLE_CODE = YES;
				CLANG_WARN__DUPLICATE_METHOD_MATCH = YES;
				"CODE_SIGN_IDENTITY[sdk=iphoneos*]" = "iPhone Developer";
				COPY_PHASE_STRIP = NO;
				DEBUG_INFORMATION_FORMAT = "dwarf-with-dsym";
				ENABLE_NS_ASSERTIONS = NO;
				ENABLE_STRICT_OBJC_MSGSEND = YES;
				GCC_C_LANGUAGE_STANDARD = gnu99;
				GCC_NO_COMMON_BLOCKS = YES;
				GCC_WARN_64_TO_32_BIT_CONVERSION = YES;
				GCC_WARN_ABOUT_RETURN_TYPE = YES_ERROR;
				GCC_WARN_UNDECLARED_SELECTOR = YES;
				GCC_WARN_UNINITIALIZED_AUTOS = YES_AGGRESSIVE;
				GCC_WARN_UNUSED_FUNCTION = YES;
				GCC_WARN_UNUSED_VARIABLE = YES;
				IPHONEOS_DEPLOYMENT_TARGET = 8.0;
				MTL_ENABLE_DEBUG_INFO = NO;
				SDKROOT = iphoneos;
				VALIDATE_PRODUCT = YES;
			};
			name = Release;
		};
		CD1CD7651EA4ED2200AD0F4E /* Debug */ = {
			isa = XCBuildConfiguration;
			baseConfigurationReference = 4E009D8650DBF11B92996870 /* Pods-XiMaLaYaFM.debug.xcconfig */;
			buildSettings = {
				ASSETCATALOG_COMPILER_APPICON_NAME = AppIcon;
				ASSETCATALOG_COMPILER_LAUNCHIMAGE_NAME = LaunchImage;
				DEVELOPMENT_TEAM = VW6LLKQB96;
				INFOPLIST_FILE = XiMaLaYaFM/Classes/Other/System/Info.plist;
				LD_RUNPATH_SEARCH_PATHS = "$(inherited) @executable_path/Frameworks";
				PRODUCT_BUNDLE_IDENTIFIER = net.developerly.XiMaLaYaFM;
				PRODUCT_NAME = "$(TARGET_NAME)";
			};
			name = Debug;
		};
		CD1CD7661EA4ED2200AD0F4E /* Release */ = {
			isa = XCBuildConfiguration;
			baseConfigurationReference = 4A1B1E1910E1A30C31009F1B /* Pods-XiMaLaYaFM.release.xcconfig */;
			buildSettings = {
				ASSETCATALOG_COMPILER_APPICON_NAME = AppIcon;
				ASSETCATALOG_COMPILER_LAUNCHIMAGE_NAME = LaunchImage;
				DEVELOPMENT_TEAM = VW6LLKQB96;
				INFOPLIST_FILE = XiMaLaYaFM/Classes/Other/System/Info.plist;
				LD_RUNPATH_SEARCH_PATHS = "$(inherited) @executable_path/Frameworks";
				PRODUCT_BUNDLE_IDENTIFIER = net.developerly.XiMaLaYaFM;
				PRODUCT_NAME = "$(TARGET_NAME)";
			};
			name = Release;
		};
		CD1CD7681EA4ED2200AD0F4E /* Debug */ = {
			isa = XCBuildConfiguration;
			buildSettings = {
				BUNDLE_LOADER = "$(TEST_HOST)";
				DEVELOPMENT_TEAM = VW6LLKQB96;
				INFOPLIST_FILE = XiMaLaYaFMTests/Info.plist;
				LD_RUNPATH_SEARCH_PATHS = "$(inherited) @executable_path/Frameworks @loader_path/Frameworks";
				PRODUCT_BUNDLE_IDENTIFIER = net.developerly.XiMaLaYaFMTests;
				PRODUCT_NAME = "$(TARGET_NAME)";
				TEST_HOST = "$(BUILT_PRODUCTS_DIR)/XiMaLaYaFM.app/XiMaLaYaFM";
			};
			name = Debug;
		};
		CD1CD7691EA4ED2200AD0F4E /* Release */ = {
			isa = XCBuildConfiguration;
			buildSettings = {
				BUNDLE_LOADER = "$(TEST_HOST)";
				DEVELOPMENT_TEAM = VW6LLKQB96;
				INFOPLIST_FILE = XiMaLaYaFMTests/Info.plist;
				LD_RUNPATH_SEARCH_PATHS = "$(inherited) @executable_path/Frameworks @loader_path/Frameworks";
				PRODUCT_BUNDLE_IDENTIFIER = net.developerly.XiMaLaYaFMTests;
				PRODUCT_NAME = "$(TARGET_NAME)";
				TEST_HOST = "$(BUILT_PRODUCTS_DIR)/XiMaLaYaFM.app/XiMaLaYaFM";
			};
			name = Release;
		};
		CD1CD76B1EA4ED2200AD0F4E /* Debug */ = {
			isa = XCBuildConfiguration;
			buildSettings = {
				DEVELOPMENT_TEAM = VW6LLKQB96;
				INFOPLIST_FILE = XiMaLaYaFMUITests/Info.plist;
				LD_RUNPATH_SEARCH_PATHS = "$(inherited) @executable_path/Frameworks @loader_path/Frameworks";
				PRODUCT_BUNDLE_IDENTIFIER = net.developerly.XiMaLaYaFMUITests;
				PRODUCT_NAME = "$(TARGET_NAME)";
				TEST_TARGET_NAME = XiMaLaYaFM;
			};
			name = Debug;
		};
		CD1CD76C1EA4ED2200AD0F4E /* Release */ = {
			isa = XCBuildConfiguration;
			buildSettings = {
				DEVELOPMENT_TEAM = VW6LLKQB96;
				INFOPLIST_FILE = XiMaLaYaFMUITests/Info.plist;
				LD_RUNPATH_SEARCH_PATHS = "$(inherited) @executable_path/Frameworks @loader_path/Frameworks";
				PRODUCT_BUNDLE_IDENTIFIER = net.developerly.XiMaLaYaFMUITests;
				PRODUCT_NAME = "$(TARGET_NAME)";
				TEST_TARGET_NAME = XiMaLaYaFM;
			};
			name = Release;
		};
/* End XCBuildConfiguration section */

/* Begin XCConfigurationList section */
		CD1CD7321EA4ED2200AD0F4E /* Build configuration list for PBXProject "XiMaLaYaFM" */ = {
			isa = XCConfigurationList;
			buildConfigurations = (
				CD1CD7621EA4ED2200AD0F4E /* Debug */,
				CD1CD7631EA4ED2200AD0F4E /* Release */,
			);
			defaultConfigurationIsVisible = 0;
			defaultConfigurationName = Release;
		};
		CD1CD7641EA4ED2200AD0F4E /* Build configuration list for PBXNativeTarget "XiMaLaYaFM" */ = {
			isa = XCConfigurationList;
			buildConfigurations = (
				CD1CD7651EA4ED2200AD0F4E /* Debug */,
				CD1CD7661EA4ED2200AD0F4E /* Release */,
			);
			defaultConfigurationIsVisible = 0;
			defaultConfigurationName = Release;
		};
		CD1CD7671EA4ED2200AD0F4E /* Build configuration list for PBXNativeTarget "XiMaLaYaFMTests" */ = {
			isa = XCConfigurationList;
			buildConfigurations = (
				CD1CD7681EA4ED2200AD0F4E /* Debug */,
				CD1CD7691EA4ED2200AD0F4E /* Release */,
			);
			defaultConfigurationIsVisible = 0;
			defaultConfigurationName = Release;
		};
		CD1CD76A1EA4ED2200AD0F4E /* Build configuration list for PBXNativeTarget "XiMaLaYaFMUITests" */ = {
			isa = XCConfigurationList;
			buildConfigurations = (
				CD1CD76B1EA4ED2200AD0F4E /* Debug */,
				CD1CD76C1EA4ED2200AD0F4E /* Release */,
			);
			defaultConfigurationIsVisible = 0;
			defaultConfigurationName = Release;
		};
/* End XCConfigurationList section */
	};
	rootObject = CD1CD72F1EA4ED2200AD0F4E /* Project object */;
}
